
Microsoft Visual Studio Solution File, Format Version 12.00
# Visual Studio Version 17
VisualStudioVersion = 17.14.36408.4 d17.14
MinimumVisualStudioVersion = 10.0.40219.1
Project("{FAE04EC0-301F-11D3-BF4B-00C04F79EFBC}") = "CleanMonitor", "CleanMonitor.csproj", "{AB5E3C1B-778D-4D1C-952C-A61F0DF22A12}"
EndProject
Global
	GlobalSection(SolutionConfigurationPlatforms) = preSolution
		Debug|Any CPU = Debug|Any CPU
		Release|Any CPU = Release|Any CPU
	EndGlobalSection
	GlobalSection(ProjectConfigurationPlatforms) = postSolution
		{AB5E3C1B-778D-4D1C-952C-A61F0DF22A12}.Debug|Any CPU.ActiveCfg = Debug|Any CPU
		{AB5E3C1B-778D-4D1C-952C-A61F0DF22A12}.Debug|Any CPU.Build.0 = Debug|Any CPU
		{AB5E3C1B-778D-4D1C-952C-A61F0DF22A12}.Release|Any CPU.ActiveCfg = Release|Any CPU
		{AB5E3C1B-778D-4D1C-952C-A61F0DF22A12}.Release|Any CPU.Build.0 = Release|Any CPU
	EndGlobalSection
	GlobalSection(SolutionProperties) = preSolution
		HideSolutionNode = FALSE
	EndGlobalSection
	GlobalSection(ExtensibilityGlobals) = postSolution
		SolutionGuid = {FA2DC137-E6EF-4AE9-B7E2-CCB6087EE7A7}
	EndGlobalSection
EndGlobal
